// !$*UTF8*$!
{
	archiveVersion = 1;
	classes = {
	};
	objectVersion = 45;
	objects = {

/* Begin PBXBuildFile section */
		7E60619B223820E33FBE0812 /* bChunk.cpp in Sources */ = {isa = PBXBuildFile; fileRef = 55CC6AFF169B4C2D577D5007 /* bChunk.cpp */; };
		77924BED7096308B212B4506 /* bDNA.cpp in Sources */ = {isa = PBXBuildFile; fileRef = 04517D20656B0F641926206B /* bDNA.cpp */; };
		2BC259AA2F12716C6EBC0965 /* bFile.cpp in Sources */ = {isa = PBXBuildFile; fileRef = 290930356B74234E582727DB /* bFile.cpp */; };
		31582F322F2B3FE776A03D3A /* btBulletFile.cpp in Sources */ = {isa = PBXBuildFile; fileRef = 706511380CF562406A052B14 /* btBulletFile.cpp */; };
/* End PBXBuildFile section */

/* Begin PBXFileReference section */
		4A71674B2D450E6323B97783 /* bullet.h */ = {isa = PBXFileReference; lastKnownFileType = sourcecode.c.h; name = "bullet.h"; path = "../../Extras/Serialize/BulletFileLoader/autogenerated/bullet.h"; sourceTree = "<group>"; };
		55CC6AFF169B4C2D577D5007 /* bChunk.cpp */ = {isa = PBXFileReference; lastKnownFileType = sourcecode.cpp.cpp; name = "bChunk.cpp"; path = "../../Extras/Serialize/BulletFileLoader/bChunk.cpp"; sourceTree = "<group>"; };
		608C20F750D36967765818A9 /* bChunk.h */ = {isa = PBXFileReference; lastKnownFileType = sourcecode.c.h; name = "bChunk.h"; path = "../../Extras/Serialize/BulletFileLoader/bChunk.h"; sourceTree = "<group>"; };
		07C31E4A3931011668E8630D /* bCommon.h */ = {isa = PBXFileReference; lastKnownFileType = sourcecode.c.h; name = "bCommon.h"; path = "../../Extras/Serialize/BulletFileLoader/bCommon.h"; sourceTree = "<group>"; };
		04517D20656B0F641926206B /* bDNA.cpp */ = {isa = PBXFileReference; lastKnownFileType = sourcecode.cpp.cpp; name = "bDNA.cpp"; path = "../../Extras/Serialize/BulletFileLoader/bDNA.cpp"; sourceTree = "<group>"; };
		1E1A6702758037C65C35273F /* bDNA.h */ = {isa = PBXFileReference; lastKnownFileType = sourcecode.c.h; name = "bDNA.h"; path = "../../Extras/Serialize/BulletFileLoader/bDNA.h"; sourceTree = "<group>"; };
		32D832B05F7A4DEE67964C08 /* bDefines.h */ = {isa = PBXFileReference; lastKnownFileType = sourcecode.c.h; name = "bDefines.h"; path = "../../Extras/Serialize/BulletFileLoader/bDefines.h"; sourceTree = "<group>"; };
		290930356B74234E582727DB /* bFile.cpp */ = {isa = PBXFileReference; lastKnownFileType = sourcecode.cpp.cpp; name = "bFile.cpp"; path = "../../Extras/Serialize/BulletFileLoader/bFile.cpp"; sourceTree = "<group>"; };
		50CF602F69205A5F22EB1EED /* bFile.h */ = {isa = PBXFileReference; lastKnownFileType = sourcecode.c.h; name = "bFile.h"; path = "../../Extras/Serialize/BulletFileLoader/bFile.h"; sourceTree = "<group>"; };
		706511380CF562406A052B14 /* btBulletFile.cpp */ = {isa = PBXFileReference; lastKnownFileType = sourcecode.cpp.cpp; name = "btBulletFile.cpp"; path = "../../Extras/Serialize/BulletFileLoader/btBulletFile.cpp"; sourceTree = "<group>"; };
		68654F4805A66613740E4C18 /* btBulletFile.h */ = {isa = PBXFileReference; lastKnownFileType = sourcecode.c.h; name = "btBulletFile.h"; path = "../../Extras/Serialize/BulletFileLoader/btBulletFile.h"; sourceTree = "<group>"; };
		3E4956470BF06C3532787928 /* libBulletFileLoader_xcode4_x64_release.a */ = {isa = PBXFileReference; explicitFileType = archive.ar; includeInIndex = 0; name = "libBulletFileLoader_xcode4_x64_release.a"; path = "libBulletFileLoader_xcode4_x64_release.a"; sourceTree = BUILT_PRODUCTS_DIR; };
/* End PBXFileReference section */

/* Begin PBXFrameworksBuildPhase section */
		12EC6AA50CA6685626F126F3 /* Frameworks */ = {
			isa = PBXFrameworksBuildPhase;
			buildActionMask = 2147483647;
			files = (
			);
			runOnlyForDeploymentPostprocessing = 0;
		};
/* End PBXFrameworksBuildPhase section */

/* Begin PBXGroup section */
		36443C0924D06E09164D269A /* BulletFileLoader */ = {
			isa = PBXGroup;
			children = (
				55851D0F56CA1A3F587101D0 /* Extras */,
				49F3116D37947C1D7BDB1D79 /* Products */,
			);
			name = "BulletFileLoader";
			sourceTree = "<group>";
		};
		55851D0F56CA1A3F587101D0 /* Extras */ = {
			isa = PBXGroup;
			children = (
				22C6281921F17C7114E00B7F /* Serialize */,
			);
			name = "Extras";
			sourceTree = "<group>";
		};
		22C6281921F17C7114E00B7F /* Serialize */ = {
			isa = PBXGroup;
			children = (
				4BB82A967E41752368F957C7 /* BulletFileLoader */,
			);
			name = "Serialize";
			sourceTree = "<group>";
		};
		4BB82A967E41752368F957C7 /* BulletFileLoader */ = {
			isa = PBXGroup;
			children = (
				62A8449A7ED36B2D0EF118B3 /* autogenerated */,
				55CC6AFF169B4C2D577D5007 /* bChunk.cpp */,
				608C20F750D36967765818A9 /* bChunk.h */,
				07C31E4A3931011668E8630D /* bCommon.h */,
				04517D20656B0F641926206B /* bDNA.cpp */,
				1E1A6702758037C65C35273F /* bDNA.h */,
				32D832B05F7A4DEE67964C08 /* bDefines.h */,
				290930356B74234E582727DB /* bFile.cpp */,
				50CF602F69205A5F22EB1EED /* bFile.h */,
				706511380CF562406A052B14 /* btBulletFile.cpp */,
				68654F4805A66613740E4C18 /* btBulletFile.h */,
			);
			name = "BulletFileLoader";
			sourceTree = "<group>";
		};
		62A8449A7ED36B2D0EF118B3 /* autogenerated */ = {
			isa = PBXGroup;
			children = (
				4A71674B2D450E6323B97783 /* bullet.h */,
			);
			name = "autogenerated";
			sourceTree = "<group>";
		};
		49F3116D37947C1D7BDB1D79 /* Products */ = {
			isa = PBXGroup;
			children = (
				3E4956470BF06C3532787928 /* libBulletFileLoader_xcode4_x64_release.a */,
			);
			name = "Products";
			sourceTree = "<group>";
		};
/* End PBXGroup section */

/* Begin PBXNativeTarget section */
		379D34BA2BD26AB27EC15009 /* BulletFileLoader */ = {
			isa = PBXNativeTarget;
			buildConfigurationList = 2B9F67B676AA1B5B23E6522D /* Build configuration list for PBXNativeTarget "BulletFileLoader" */;
			buildPhases = (
				120E5F6D04E3105831F01264 /* Resources */,
				0E0A37C375EA11822AD27E41 /* Sources */,
				12EC6AA50CA6685626F126F3 /* Frameworks */,
			);
			buildRules = (
			);
			dependencies = (
			);
			name = "BulletFileLoader";
			productName = "BulletFileLoader";
			productReference = 3E4956470BF06C3532787928 /* libBulletFileLoader_xcode4_x64_release.a */;
			productType = "com.apple.product-type.library.static";
		};
/* End PBXNativeTarget section */

/* Begin PBXProject section */
		08FB7793FE84155DC02AAC07 /* Project object */ = {
			isa = PBXProject;
			buildConfigurationList = 1DEB928908733DD80010E9CD /* Build configuration list for PBXProject "BulletFileLoader" */;
			compatibilityVersion = "Xcode 3.2";
			hasScannedForEncodings = 1;
			mainGroup = 36443C0924D06E09164D269A /* BulletFileLoader */;
			projectDirPath = "";
			projectRoot = "";
			targets = (
				379D34BA2BD26AB27EC15009 /* libBulletFileLoader_xcode4_x64_release.a */,
			);
		};
/* End PBXProject section */

/* Begin PBXResourcesBuildPhase section */
		120E5F6D04E3105831F01264 /* Resources */ = {
			isa = PBXResourcesBuildPhase;
			buildActionMask = 2147483647;
			files = (
			);
			runOnlyForDeploymentPostprocessing = 0;
		};
/* End PBXResourcesBuildPhase section */

/* Begin PBXSourcesBuildPhase section */
		0E0A37C375EA11822AD27E41 /* Sources */ = {
			isa = PBXSourcesBuildPhase;
			buildActionMask = 2147483647;
			files = (
				7E60619B223820E33FBE0812 /* bChunk.cpp in Sources */,
				77924BED7096308B212B4506 /* bDNA.cpp in Sources */,
				2BC259AA2F12716C6EBC0965 /* bFile.cpp in Sources */,
				31582F322F2B3FE776A03D3A /* btBulletFile.cpp in Sources */,
			);
			runOnlyForDeploymentPostprocessing = 0;
		};
/* End PBXSourcesBuildPhase section */

/* Begin PBXVariantGroup section */
/* End PBXVariantGroup section */

/* Begin XCBuildConfiguration section */
		67F479763513321265676FE7 /* Release */ = {
			isa = XCBuildConfiguration;
			buildSettings = {
				INFOPLIST_FILE = "../../test/Bullet2/Info.plist";
				CODE_SIGN_IDENTITY = "iPhone Developer";
				SDKROOT = iphoneos;
				ARCHS = "armv7";
				TARGETED_DEVICE_FAMILY = "1,2";
				VALID_ARCHS = "armv7";
				ALWAYS_SEARCH_USER_PATHS = NO;
				DEBUG_INFORMATION_FORMAT = "dwarf-with-dsym";
				CONFIGURATION_BUILD_DIR = "../../bin";
				GCC_DYNAMIC_NO_PIC = NO;
				GCC_MODEL_TUNING = G5;
				INSTALL_PATH = /usr/local/lib;
				PRODUCT_NAME = "BulletFileLoader_xcode4_x64_release";
			};
			name = "Release";
		};
		54D3074208B13075675C0017 /* Debug */ = {
			isa = XCBuildConfiguration;
			buildSettings = {
				INFOPLIST_FILE = "../../test/Bullet2/Info.plist";
				CODE_SIGN_IDENTITY = "iPhone Developer";
				SDKROOT = iphoneos;
				ARCHS = "armv7";
				TARGETED_DEVICE_FAMILY = "1,2";
				VALID_ARCHS = "armv7";
				ALWAYS_SEARCH_USER_PATHS = NO;
				CONFIGURATION_BUILD_DIR = "../../bin";
				GCC_DYNAMIC_NO_PIC = NO;
				GCC_MODEL_TUNING = G5;
				INSTALL_PATH = /usr/local/lib;
				PRODUCT_NAME = "BulletFileLoader_xcode4_x64_debug";
			};
			name = "Debug";
		};
		3DB351A7427806947C7441F5 /* Release */ = {
			isa = XCBuildConfiguration;
			buildSettings = {
				INFOPLIST_FILE = "../../test/Bullet2/Info.plist";
				CODE_SIGN_IDENTITY = "iPhone Developer";
				SDKROOT = iphoneos;
				ARCHS = "armv7";
				TARGETED_DEVICE_FAMILY = "1,2";
				VALID_ARCHS = "armv7";
				SDKROOT = macosx;
				ARCHS = "x86_64";
				CONFIGURATION_BUILD_DIR = "$(SYMROOT)";
				CONFIGURATION_TEMP_DIR = "$(OBJROOT)";
				GCC_C_LANGUAGE_STANDARD = gnu99;
				GCC_OPTIMIZATION_LEVEL = s;
				GCC_SYMBOLS_PRIVATE_EXTERN = NO;
				GCC_WARN_ABOUT_RETURN_TYPE = YES;
				GCC_WARN_UNUSED_VARIABLE = YES;
				HEADER_SEARCH_PATHS = (
					"../../src",
				);
				OBJROOT = "obj/x64/Release/BulletFileLoader";
				ONLY_ACTIVE_ARCH = NO;
				OTHER_CFLAGS = (
					"-ffast-math",
				);
				STANDARD_C_PLUS_PLUS_LIBRARY_TYPE = static;
				SYMROOT = "../../bin";
			};
			name = "Release";
		};
		1BA8717C0493790E429D7E21 /* Debug */ = {
			isa = XCBuildConfiguration;
			buildSettings = {
				INFOPLIST_FILE = "../../test/Bullet2/Info.plist";
				CODE_SIGN_IDENTITY = "iPhone Developer";
				SDKROOT = iphoneos;
				ARCHS = "armv7";
				TARGETED_DEVICE_FAMILY = "1,2";
				VALID_ARCHS = "armv7";
				SDKROOT = macosx;
				ARCHS = "x86_64";
				CONFIGURATION_BUILD_DIR = "$(SYMROOT)";
				CONFIGURATION_TEMP_DIR = "$(OBJROOT)";
				COPY_PHASE_STRIP = NO;
				GCC_C_LANGUAGE_STANDARD = gnu99;
				GCC_OPTIMIZATION_LEVEL = 0;
				GCC_PREPROCESSOR_DEFINITIONS = (
					"_DEBUG=1",
				);
				GCC_SYMBOLS_PRIVATE_EXTERN = NO;
				GCC_WARN_ABOUT_RETURN_TYPE = YES;
				GCC_WARN_UNUSED_VARIABLE = YES;
				HEADER_SEARCH_PATHS = (
					"../../src",
				);
				OBJROOT = "obj/x64/Debug/BulletFileLoader";
				ONLY_ACTIVE_ARCH = YES;
				OTHER_CFLAGS = (
					"-ffast-math",
				);
				STANDARD_C_PLUS_PLUS_LIBRARY_TYPE = static;
				SYMROOT = "../../bin";
			};
			name = "Debug";
		};
/* End XCBuildConfiguration section */

/* Begin XCConfigurationList section */
		2B9F67B676AA1B5B23E6522D /* Build configuration list for PBXNativeTarget "libBulletFileLoader_xcode4_x64_release.a" */ = {
			isa = XCConfigurationList;
			buildConfigurations = (
				67F479763513321265676FE7 /* Release */,
				54D3074208B13075675C0017 /* Debug */,
			);
			defaultConfigurationIsVisible = 0;
			defaultConfigurationName = "Release";
		};
		1DEB928908733DD80010E9CD /* Build configuration list for PBXProject "BulletFileLoader" */ = {
			isa = XCConfigurationList;
			buildConfigurations = (
				3DB351A7427806947C7441F5 /* Release */,
				1BA8717C0493790E429D7E21 /* Debug */,
			);
			defaultConfigurationIsVisible = 0;
			defaultConfigurationName = "Release";
		};
/* End XCConfigurationList section */

	};
	rootObject = 08FB7793FE84155DC02AAC07 /* Project object */;
}
