// !$*UTF8*$!
{
	archiveVersion = 1;
	classes = {
	};
	objectVersion = 45;
	objects = {

/* Begin PBXBuildFile section */
		580D579A7004174F529C2CD5 /* HelloWorld.cpp in Sources */ = {isa = PBXBuildFile; fileRef = 106B724473FA391B401E0643 /* HelloWorld.cpp */; };
		18543BC509D31C10097B731F /* libBulletDynamics.a in Frameworks */ = {isa = PBXBuildFile; fileRef = 183758347D3878176CC6787C /* libBulletDynamics.a */; };
		6BB417B64B8B4F9400744875 /* libBulletCollision.a in Frameworks */ = {isa = PBXBuildFile; fileRef = 055144992BC801951B5631F5 /* libBulletCollision.a */; };
		448A5CB6504307FE3F5A4A46 /* libLinearMath.a in Frameworks */ = {isa = PBXBuildFile; fileRef = 07914F8A03732F517FC30500 /* libLinearMath.a */; };
/* End PBXBuildFile section */

/* Begin PBXContainerItemProxy section */
		340154154D5A0CDF44FA018D /* PBXContainerItemProxy */ = {
			isa = PBXContainerItemProxy;
			containerPortal = 05FA7AB524EA093640C02B5D /* BulletDynamics.xcodeproj */;
			proxyType = 2;
			remoteGlobalIDString = 2A0E3C045C4F5CCF486B6AA0;
			remoteInfo = "libBulletDynamics_xcode4_x64_release.a";
		};
		7D5E542F6A0C5B2228B931AE /* PBXContainerItemProxy */ = {
			isa = PBXContainerItemProxy;
			containerPortal = 05FA7AB524EA093640C02B5D /* BulletDynamics.xcodeproj */;
			proxyType = 1;
			remoteGlobalIDString = 48F958AB5B5143C33A3C533E;
			remoteInfo = "libBulletDynamics_xcode4_x64_release.a";
		};
		6A517E660F26487C5D5D2B07 /* PBXContainerItemProxy */ = {
			isa = PBXContainerItemProxy;
			containerPortal = 2AC8507B738A151F3DAB5ECD /* BulletCollision.xcodeproj */;
			proxyType = 2;
			remoteGlobalIDString = 407020FC3935021F75595F1B;
			remoteInfo = "libBulletCollision_xcode4_x64_release.a";
		};
		10A9799A1E3E7AE820742441 /* PBXContainerItemProxy */ = {
			isa = PBXContainerItemProxy;
			containerPortal = 2AC8507B738A151F3DAB5ECD /* BulletCollision.xcodeproj */;
			proxyType = 1;
			remoteGlobalIDString = 78BB76CB47986FFD7E0066F6;
			remoteInfo = "libBulletCollision_xcode4_x64_release.a";
		};
		01CE1BA93566411839FB1FAD /* PBXContainerItemProxy */ = {
			isa = PBXContainerItemProxy;
			containerPortal = 21FE686A26F25EB97D9A1058 /* LinearMath.xcodeproj */;
			proxyType = 2;
			remoteGlobalIDString = 2FA178492039263C672563B7;
			remoteInfo = "libLinearMath_xcode4_x64_release.a";
		};
		3428458267E71F010A435F49 /* PBXContainerItemProxy */ = {
			isa = PBXContainerItemProxy;
			containerPortal = 21FE686A26F25EB97D9A1058 /* LinearMath.xcodeproj */;
			proxyType = 1;
			remoteGlobalIDString = 1EC87E11102A4DAC15912341;
			remoteInfo = "libLinearMath_xcode4_x64_release.a";
		};
/* End PBXContainerItemProxy section */

/* Begin PBXFileReference section */
		106B724473FA391B401E0643 /* HelloWorld.cpp */ = {isa = PBXFileReference; lastKnownFileType = sourcecode.cpp.cpp; name = "HelloWorld.cpp"; path = "../../examples/HelloWorld/HelloWorld.cpp"; sourceTree = "<group>"; };
		00B705C76E0B274E003B22C7 /* App_HelloWorld.app */ = {isa = PBXFileReference; explicitFileType = wrapper.application; includeInIndex = 0; name = "App_HelloWorld.app"; path = "App_HelloWorld.app"; sourceTree = BUILT_PRODUCTS_DIR; };
		05FA7AB524EA093640C02B5D /* BulletDynamics.xcodeproj */ = {isa = PBXFileReference; lastKnownFileType = "wrapper.pb-project"; name = "BulletDynamics.xcodeproj"; path = "BulletDynamics.xcodeproj"; sourceTree = SOURCE_ROOT; };
		2AC8507B738A151F3DAB5ECD /* BulletCollision.xcodeproj */ = {isa = PBXFileReference; lastKnownFileType = "wrapper.pb-project"; name = "BulletCollision.xcodeproj"; path = "BulletCollision.xcodeproj"; sourceTree = SOURCE_ROOT; };
		21FE686A26F25EB97D9A1058 /* LinearMath.xcodeproj */ = {isa = PBXFileReference; lastKnownFileType = "wrapper.pb-project"; name = "LinearMath.xcodeproj"; path = "LinearMath.xcodeproj"; sourceTree = SOURCE_ROOT; };
/* End PBXFileReference section */

/* Begin PBXFrameworksBuildPhase section */
		700700F150090E5F11605DB0 /* Frameworks */ = {
			isa = PBXFrameworksBuildPhase;
			buildActionMask = 2147483647;
			files = (
				18543BC509D31C10097B731F /* libBulletDynamics.a in Frameworks */,
				6BB417B64B8B4F9400744875 /* libBulletCollision.a in Frameworks */,
				448A5CB6504307FE3F5A4A46 /* libLinearMath.a in Frameworks */,
			);
			runOnlyForDeploymentPostprocessing = 0;
		};
/* End PBXFrameworksBuildPhase section */

/* Begin PBXGroup section */
		752F14CD4C05624802181DBD /* App_HelloWorld */ = {
			isa = PBXGroup;
			children = (
				160F4D382F794C474A9E4D16 /* examples */,
				55AB69436E572BCC00806C32 /* Products */,
				5F1A64F1223F690964365143 /* Projects */,
			);
			name = "App_HelloWorld";
			sourceTree = "<group>";
		};
		160F4D382F794C474A9E4D16 /* examples */ = {
			isa = PBXGroup;
			children = (
				791C249969C538EC49AC7686 /* HelloWorld */,
			);
			name = "examples";
			sourceTree = "<group>";
		};
		791C249969C538EC49AC7686 /* HelloWorld */ = {
			isa = PBXGroup;
			children = (
				106B724473FA391B401E0643 /* HelloWorld.cpp */,
			);
			name = "HelloWorld";
			sourceTree = "<group>";
		};
		55AB69436E572BCC00806C32 /* Products */ = {
			isa = PBXGroup;
			children = (
				00B705C76E0B274E003B22C7 /* App_HelloWorld.app */,
			);
			name = "Products";
			sourceTree = "<group>";
		};
		5F1A64F1223F690964365143 /* Projects */ = {
			isa = PBXGroup;
			children = (
				05FA7AB524EA093640C02B5D /* BulletDynamics.xcodeproj */,
				2AC8507B738A151F3DAB5ECD /* BulletCollision.xcodeproj */,
				21FE686A26F25EB97D9A1058 /* LinearMath.xcodeproj */,
			);
			name = "Projects";
			sourceTree = "<group>";
		};
		675C4BC43C524C9173CF30E1 /* Products */ = {
			isa = PBXGroup;
			children = (
				183758347D3878176CC6787C /* libBulletDynamics.a */,
			);
			name = Products;
			sourceTree = "<group>";
		};
		5F2234487F3451BE17764D68 /* Products */ = {
			isa = PBXGroup;
			children = (
				055144992BC801951B5631F5 /* libBulletCollision.a */,
			);
			name = Products;
			sourceTree = "<group>";
		};
		721772473CAA565036922C70 /* Products */ = {
			isa = PBXGroup;
			children = (
				07914F8A03732F517FC30500 /* libLinearMath.a */,
			);
			name = Products;
			sourceTree = "<group>";
		};
/* End PBXGroup section */

/* Begin PBXNativeTarget section */
		3A95119571F92107529A31BB /* App_HelloWorld */ = {
			isa = PBXNativeTarget;
			buildConfigurationList = 65A0056A33674D0E63AB19FB /* Build configuration list for PBXNativeTarget "App_HelloWorld" */;
			buildPhases = (
				4351002D1BF03C8C13824088 /* Resources */,
				52A70B2A790B7941503E1F1A /* Sources */,
				700700F150090E5F11605DB0 /* Frameworks */,
			);
			buildRules = (
			);
			dependencies = (
				4ABD572D6AC82CE9308D2EE1 /* PBXTargetDependency */,
				5FAC3EC270D83514404864C5 /* PBXTargetDependency */,
				38807DA658893AD84AA517CA /* PBXTargetDependency */,
			);
			name = "App_HelloWorld";
			productInstallPath = "$(HOME)/Applications";
			productName = "App_HelloWorld";
			productReference = 00B705C76E0B274E003B22C7 /* App_HelloWorld.app */;
			productType = "com.apple.product-type.application";
		};
/* End PBXNativeTarget section */

/* Begin PBXProject section */
		08FB7793FE84155DC02AAC07 /* Project object */ = {
			isa = PBXProject;
			buildConfigurationList = 1DEB928908733DD80010E9CD /* Build configuration list for PBXProject "App_HelloWorld" */;
			compatibilityVersion = "Xcode 3.2";
			hasScannedForEncodings = 1;
			mainGroup = 752F14CD4C05624802181DBD /* App_HelloWorld */;
			projectDirPath = "";
			projectReferences = (
				{
					ProductGroup = 675C4BC43C524C9173CF30E1 /* Products */;
					ProjectRef = 05FA7AB524EA093640C02B5D /* BulletDynamics.xcodeproj */;
				},
				{
					ProductGroup = 5F2234487F3451BE17764D68 /* Products */;
					ProjectRef = 2AC8507B738A151F3DAB5ECD /* BulletCollision.xcodeproj */;
				},
				{
					ProductGroup = 721772473CAA565036922C70 /* Products */;
					ProjectRef = 21FE686A26F25EB97D9A1058 /* LinearMath.xcodeproj */;
				},
			);
			projectRoot = "";
			targets = (
				3A95119571F92107529A31BB /* App_HelloWorld.app */,
			);
		};
/* End PBXProject section */

/* Begin PBXReferenceProxy section */
		183758347D3878176CC6787C /* libBulletDynamics.a */ = {
			isa = PBXReferenceProxy;
			fileType = archive.ar;
			path = "../../bin/libBulletDynamics.a";
			remoteRef = 340154154D5A0CDF44FA018D /* PBXContainerItemProxy */;
			sourceTree = BUILT_PRODUCTS_DIR;
		};
		055144992BC801951B5631F5 /* libBulletCollision.a */ = {
			isa = PBXReferenceProxy;
			fileType = archive.ar;
			path = "../../bin/libBulletCollision.a";
			remoteRef = 6A517E660F26487C5D5D2B07 /* PBXContainerItemProxy */;
			sourceTree = BUILT_PRODUCTS_DIR;
		};
		07914F8A03732F517FC30500 /* libLinearMath.a */ = {
			isa = PBXReferenceProxy;
			fileType = archive.ar;
			path = "../../bin/libLinearMath.a";
			remoteRef = 01CE1BA93566411839FB1FAD /* PBXContainerItemProxy */;
			sourceTree = BUILT_PRODUCTS_DIR;
		};
/* End PBXReferenceProxy section */

/* Begin PBXResourcesBuildPhase section */
		4351002D1BF03C8C13824088 /* Resources */ = {
			isa = PBXResourcesBuildPhase;
			buildActionMask = 2147483647;
			files = (
			);
			runOnlyForDeploymentPostprocessing = 0;
		};
/* End PBXResourcesBuildPhase section */

/* Begin PBXSourcesBuildPhase section */
		52A70B2A790B7941503E1F1A /* Sources */ = {
			isa = PBXSourcesBuildPhase;
			buildActionMask = 2147483647;
			files = (
				580D579A7004174F529C2CD5 /* HelloWorld.cpp in Sources */,
			);
			runOnlyForDeploymentPostprocessing = 0;
		};
/* End PBXSourcesBuildPhase section */

/* Begin PBXVariantGroup section */
/* End PBXVariantGroup section */

/* Begin PBXTargetDependency section */
		4ABD572D6AC82CE9308D2EE1 /* PBXTargetDependency */ = {
			isa = PBXTargetDependency;
			name = "libBulletDynamics.a";
			targetProxy = 7D5E542F6A0C5B2228B931AE /* PBXContainerItemProxy */;
		};
		5FAC3EC270D83514404864C5 /* PBXTargetDependency */ = {
			isa = PBXTargetDependency;
			name = "libBulletCollision.a";
			targetProxy = 10A9799A1E3E7AE820742441 /* PBXContainerItemProxy */;
		};
		38807DA658893AD84AA517CA /* PBXTargetDependency */ = {
			isa = PBXTargetDependency;
			name = "libLinearMath.a";
			targetProxy = 3428458267E71F010A435F49 /* PBXContainerItemProxy */;
		};
/* End PBXTargetDependency section */

/* Begin XCBuildConfiguration section */
		573707B7068E0710596B337A /* Release */ = {
			isa = XCBuildConfiguration;
			buildSettings = {
				INFOPLIST_FILE = "../../test/Bullet2/Info.plist";
				CODE_SIGN_IDENTITY = "iPhone Developer";
				SDKROOT = iphoneos;
				ARCHS = "armv7";
				TARGETED_DEVICE_FAMILY = "1,2";
				VALID_ARCHS = "armv7";
				ALWAYS_SEARCH_USER_PATHS = NO;
				DEBUG_INFORMATION_FORMAT = "dwarf-with-dsym";
				CONFIGURATION_BUILD_DIR = "../../bin";
				GCC_DYNAMIC_NO_PIC = NO;
				GCC_MODEL_TUNING = G5;
				INSTALL_PATH = "$(HOME)/Applications";
				PRODUCT_NAME = "App_HelloWorld_xcode4_x64_release";
			};
			name = "Release";
		};
		5620096575CA3C057EF26348 /* Debug */ = {
			isa = XCBuildConfiguration;
			buildSettings = {
				INFOPLIST_FILE = "../../test/Bullet2/Info.plist";
				CODE_SIGN_IDENTITY = "iPhone Developer";
				SDKROOT = iphoneos;
				ARCHS = "armv7";
				TARGETED_DEVICE_FAMILY = "1,2";
				VALID_ARCHS = "armv7";
				ALWAYS_SEARCH_USER_PATHS = NO;
				CONFIGURATION_BUILD_DIR = "../../bin";
				GCC_DYNAMIC_NO_PIC = NO;
				GCC_MODEL_TUNING = G5;
				INSTALL_PATH = "$(HOME)/Applications";
				PRODUCT_NAME = "App_HelloWorld_xcode4_x64_debug";
			};
			name = "Debug";
		};
		27B9668814597B1C0E673671 /* Release */ = {
			isa = XCBuildConfiguration;
			buildSettings = {
				INFOPLIST_FILE = "../../test/Bullet2/Info.plist";
				CODE_SIGN_IDENTITY = "iPhone Developer";
				SDKROOT = iphoneos;
				ARCHS = "armv7";
				TARGETED_DEVICE_FAMILY = "1,2";
				VALID_ARCHS = "armv7";
				SDKROOT = macosx;
				ARCHS = "x86_64";
				CONFIGURATION_BUILD_DIR = "$(SYMROOT)";
				CONFIGURATION_TEMP_DIR = "$(OBJROOT)";
				GCC_C_LANGUAGE_STANDARD = gnu99;
				GCC_OPTIMIZATION_LEVEL = s;
				GCC_SYMBOLS_PRIVATE_EXTERN = NO;
				GCC_WARN_ABOUT_RETURN_TYPE = YES;
				GCC_WARN_UNUSED_VARIABLE = YES;
				HEADER_SEARCH_PATHS = (
					"../../src",
				);
				OBJROOT = "obj/x64/Release/App_HelloWorld";
				ONLY_ACTIVE_ARCH = NO;
				OTHER_CFLAGS = (
					"-ffast-math",
				);
				STANDARD_C_PLUS_PLUS_LIBRARY_TYPE = static;
				SYMROOT = "../../bin";
			};
			name = "Release";
		};
		300C0F5B43DA367829FE7A58 /* Debug */ = {
			isa = XCBuildConfiguration;
			buildSettings = {
				INFOPLIST_FILE = "../../test/Bullet2/Info.plist";
				CODE_SIGN_IDENTITY = "iPhone Developer";
				SDKROOT = iphoneos;
				ARCHS = "armv7";
				TARGETED_DEVICE_FAMILY = "1,2";
				VALID_ARCHS = "armv7";
				SDKROOT = macosx;
				ARCHS = "x86_64";
				CONFIGURATION_BUILD_DIR = "$(SYMROOT)";
				CONFIGURATION_TEMP_DIR = "$(OBJROOT)";
				COPY_PHASE_STRIP = NO;
				GCC_C_LANGUAGE_STANDARD = gnu99;
				GCC_OPTIMIZATION_LEVEL = 0;
				GCC_PREPROCESSOR_DEFINITIONS = (
					"_DEBUG=1",
				);
				GCC_SYMBOLS_PRIVATE_EXTERN = NO;
				GCC_WARN_ABOUT_RETURN_TYPE = YES;
				GCC_WARN_UNUSED_VARIABLE = YES;
				HEADER_SEARCH_PATHS = (
					"../../src",
				);
				OBJROOT = "obj/x64/Debug/App_HelloWorld";
				ONLY_ACTIVE_ARCH = YES;
				OTHER_CFLAGS = (
					"-ffast-math",
				);
				STANDARD_C_PLUS_PLUS_LIBRARY_TYPE = static;
				SYMROOT = "../../bin";
			};
			name = "Debug";
		};
/* End XCBuildConfiguration section */

/* Begin XCConfigurationList section */
		65A0056A33674D0E63AB19FB /* Build configuration list for PBXNativeTarget "App_HelloWorld.app" */ = {
			isa = XCConfigurationList;
			buildConfigurations = (
				573707B7068E0710596B337A /* Release */,
				5620096575CA3C057EF26348 /* Debug */,
			);
			defaultConfigurationIsVisible = 0;
			defaultConfigurationName = "Release";
		};
		1DEB928908733DD80010E9CD /* Build configuration list for PBXProject "App_HelloWorld" */ = {
			isa = XCConfigurationList;
			buildConfigurations = (
				27B9668814597B1C0E673671 /* Release */,
				300C0F5B43DA367829FE7A58 /* Debug */,
			);
			defaultConfigurationIsVisible = 0;
			defaultConfigurationName = "Release";
		};
/* End XCConfigurationList section */

	};
	rootObject = 08FB7793FE84155DC02AAC07 /* Project object */;
}
