// !$*UTF8*$!
{
	archiveVersion = 1;
	classes = {
	};
	objectVersion = 45;
	objects = {

/* Begin PBXBuildFile section */
		546164ED406010421A6F1FC7 /* btBulletWorldImporter.cpp in Sources */ = {isa = PBXBuildFile; fileRef = 3B0E3D4E76C734AF70B440A6 /* btBulletWorldImporter.cpp */; };
		67A061DE5DE02EF376E678AB /* btMultiBodyWorldImporter.cpp in Sources */ = {isa = PBXBuildFile; fileRef = 2DFC331606BD7FE074477BF4 /* btMultiBodyWorldImporter.cpp */; };
		18F645711A3B40BF65CB02BB /* btWorldImporter.cpp in Sources */ = {isa = PBXBuildFile; fileRef = 0A91659A1B7C7DC5198A4E93 /* btWorldImporter.cpp */; };
/* End PBXBuildFile section */

/* Begin PBXFileReference section */
		3B0E3D4E76C734AF70B440A6 /* btBulletWorldImporter.cpp */ = {isa = PBXFileReference; lastKnownFileType = sourcecode.cpp.cpp; name = "btBulletWorldImporter.cpp"; path = "../../Extras/Serialize/BulletWorldImporter/btBulletWorldImporter.cpp"; sourceTree = "<group>"; };
		4675399517C90FC21CBE087A /* btBulletWorldImporter.h */ = {isa = PBXFileReference; lastKnownFileType = sourcecode.c.h; name = "btBulletWorldImporter.h"; path = "../../Extras/Serialize/BulletWorldImporter/btBulletWorldImporter.h"; sourceTree = "<group>"; };
		2DFC331606BD7FE074477BF4 /* btMultiBodyWorldImporter.cpp */ = {isa = PBXFileReference; lastKnownFileType = sourcecode.cpp.cpp; name = "btMultiBodyWorldImporter.cpp"; path = "../../Extras/Serialize/BulletWorldImporter/btMultiBodyWorldImporter.cpp"; sourceTree = "<group>"; };
		2E050578400107BD1FFB24A0 /* btMultiBodyWorldImporter.h */ = {isa = PBXFileReference; lastKnownFileType = sourcecode.c.h; name = "btMultiBodyWorldImporter.h"; path = "../../Extras/Serialize/BulletWorldImporter/btMultiBodyWorldImporter.h"; sourceTree = "<group>"; };
		0A91659A1B7C7DC5198A4E93 /* btWorldImporter.cpp */ = {isa = PBXFileReference; lastKnownFileType = sourcecode.cpp.cpp; name = "btWorldImporter.cpp"; path = "../../Extras/Serialize/BulletWorldImporter/btWorldImporter.cpp"; sourceTree = "<group>"; };
		53DA17B664A72D385EAF5B6F /* btWorldImporter.h */ = {isa = PBXFileReference; lastKnownFileType = sourcecode.c.h; name = "btWorldImporter.h"; path = "../../Extras/Serialize/BulletWorldImporter/btWorldImporter.h"; sourceTree = "<group>"; };
		04BE76894DFA7FE348A50784 /* libBulletWorldImporter_xcode4_x64_release.a */ = {isa = PBXFileReference; explicitFileType = archive.ar; includeInIndex = 0; name = "libBulletWorldImporter_xcode4_x64_release.a"; path = "libBulletWorldImporter_xcode4_x64_release.a"; sourceTree = BUILT_PRODUCTS_DIR; };
/* End PBXFileReference section */

/* Begin PBXFrameworksBuildPhase section */
		5BE0787A4B6C38A301820DBB /* Frameworks */ = {
			isa = PBXFrameworksBuildPhase;
			buildActionMask = 2147483647;
			files = (
			);
			runOnlyForDeploymentPostprocessing = 0;
		};
/* End PBXFrameworksBuildPhase section */

/* Begin PBXGroup section */
		32442DEF5A90295914646AE4 /* BulletWorldImporter */ = {
			isa = PBXGroup;
			children = (
				2021161624EB52FF17A57AE1 /* Extras */,
				01634B7F3115102F17F22AF9 /* Products */,
			);
			name = "BulletWorldImporter";
			sourceTree = "<group>";
		};
		2021161624EB52FF17A57AE1 /* Extras */ = {
			isa = PBXGroup;
			children = (
				7DB05CDD6D720D407E7F7036 /* Serialize */,
			);
			name = "Extras";
			sourceTree = "<group>";
		};
		7DB05CDD6D720D407E7F7036 /* Serialize */ = {
			isa = PBXGroup;
			children = (
				6EAE0A2C5D3E511E46A85C8D /* BulletWorldImporter */,
			);
			name = "Serialize";
			sourceTree = "<group>";
		};
		6EAE0A2C5D3E511E46A85C8D /* BulletWorldImporter */ = {
			isa = PBXGroup;
			children = (
				3B0E3D4E76C734AF70B440A6 /* btBulletWorldImporter.cpp */,
				4675399517C90FC21CBE087A /* btBulletWorldImporter.h */,
				2DFC331606BD7FE074477BF4 /* btMultiBodyWorldImporter.cpp */,
				2E050578400107BD1FFB24A0 /* btMultiBodyWorldImporter.h */,
				0A91659A1B7C7DC5198A4E93 /* btWorldImporter.cpp */,
				53DA17B664A72D385EAF5B6F /* btWorldImporter.h */,
			);
			name = "BulletWorldImporter";
			sourceTree = "<group>";
		};
		01634B7F3115102F17F22AF9 /* Products */ = {
			isa = PBXGroup;
			children = (
				04BE76894DFA7FE348A50784 /* libBulletWorldImporter_xcode4_x64_release.a */,
			);
			name = "Products";
			sourceTree = "<group>";
		};
/* End PBXGroup section */

/* Begin PBXNativeTarget section */
		6CA030E65445173E0773415C /* BulletWorldImporter */ = {
			isa = PBXNativeTarget;
			buildConfigurationList = 62C6608141776CDC741C751F /* Build configuration list for PBXNativeTarget "BulletWorldImporter" */;
			buildPhases = (
				46B754FC16352A2B79141517 /* Resources */,
				2864493D70F1024C58ED2FDD /* Sources */,
				5BE0787A4B6C38A301820DBB /* Frameworks */,
			);
			buildRules = (
			);
			dependencies = (
			);
			name = "BulletWorldImporter";
			productName = "BulletWorldImporter";
			productReference = 04BE76894DFA7FE348A50784 /* libBulletWorldImporter_xcode4_x64_release.a */;
			productType = "com.apple.product-type.library.static";
		};
/* End PBXNativeTarget section */

/* Begin PBXProject section */
		08FB7793FE84155DC02AAC07 /* Project object */ = {
			isa = PBXProject;
			buildConfigurationList = 1DEB928908733DD80010E9CD /* Build configuration list for PBXProject "BulletWorldImporter" */;
			compatibilityVersion = "Xcode 3.2";
			hasScannedForEncodings = 1;
			mainGroup = 32442DEF5A90295914646AE4 /* BulletWorldImporter */;
			projectDirPath = "";
			projectRoot = "";
			targets = (
				6CA030E65445173E0773415C /* libBulletWorldImporter_xcode4_x64_release.a */,
			);
		};
/* End PBXProject section */

/* Begin PBXResourcesBuildPhase section */
		46B754FC16352A2B79141517 /* Resources */ = {
			isa = PBXResourcesBuildPhase;
			buildActionMask = 2147483647;
			files = (
			);
			runOnlyForDeploymentPostprocessing = 0;
		};
/* End PBXResourcesBuildPhase section */

/* Begin PBXSourcesBuildPhase section */
		2864493D70F1024C58ED2FDD /* Sources */ = {
			isa = PBXSourcesBuildPhase;
			buildActionMask = 2147483647;
			files = (
				546164ED406010421A6F1FC7 /* btBulletWorldImporter.cpp in Sources */,
				67A061DE5DE02EF376E678AB /* btMultiBodyWorldImporter.cpp in Sources */,
				18F645711A3B40BF65CB02BB /* btWorldImporter.cpp in Sources */,
			);
			runOnlyForDeploymentPostprocessing = 0;
		};
/* End PBXSourcesBuildPhase section */

/* Begin PBXVariantGroup section */
/* End PBXVariantGroup section */

/* Begin XCBuildConfiguration section */
		4EB566935B4467193CB51490 /* Release */ = {
			isa = XCBuildConfiguration;
			buildSettings = {
				INFOPLIST_FILE = "../../test/Bullet2/Info.plist";
				CODE_SIGN_IDENTITY = "iPhone Developer";
				SDKROOT = iphoneos;
				ARCHS = "armv7";
				TARGETED_DEVICE_FAMILY = "1,2";
				VALID_ARCHS = "armv7";
				ALWAYS_SEARCH_USER_PATHS = NO;
				DEBUG_INFORMATION_FORMAT = "dwarf-with-dsym";
				CONFIGURATION_BUILD_DIR = "../../bin";
				GCC_DYNAMIC_NO_PIC = NO;
				GCC_MODEL_TUNING = G5;
				INSTALL_PATH = /usr/local/lib;
				PRODUCT_NAME = "BulletWorldImporter_xcode4_x64_release";
			};
			name = "Release";
		};
		58AA0D475E2B6672670C77C3 /* Debug */ = {
			isa = XCBuildConfiguration;
			buildSettings = {
				INFOPLIST_FILE = "../../test/Bullet2/Info.plist";
				CODE_SIGN_IDENTITY = "iPhone Developer";
				SDKROOT = iphoneos;
				ARCHS = "armv7";
				TARGETED_DEVICE_FAMILY = "1,2";
				VALID_ARCHS = "armv7";
				ALWAYS_SEARCH_USER_PATHS = NO;
				CONFIGURATION_BUILD_DIR = "../../bin";
				GCC_DYNAMIC_NO_PIC = NO;
				GCC_MODEL_TUNING = G5;
				INSTALL_PATH = /usr/local/lib;
				PRODUCT_NAME = "BulletWorldImporter_xcode4_x64_debug";
			};
			name = "Debug";
		};
		1A3E1B1741161F810F6E088C /* Release */ = {
			isa = XCBuildConfiguration;
			buildSettings = {
				INFOPLIST_FILE = "../../test/Bullet2/Info.plist";
				CODE_SIGN_IDENTITY = "iPhone Developer";
				SDKROOT = iphoneos;
				ARCHS = "armv7";
				TARGETED_DEVICE_FAMILY = "1,2";
				VALID_ARCHS = "armv7";
				SDKROOT = macosx;
				ARCHS = "x86_64";
				CONFIGURATION_BUILD_DIR = "$(SYMROOT)";
				CONFIGURATION_TEMP_DIR = "$(OBJROOT)";
				GCC_C_LANGUAGE_STANDARD = gnu99;
				GCC_OPTIMIZATION_LEVEL = s;
				GCC_SYMBOLS_PRIVATE_EXTERN = NO;
				GCC_WARN_ABOUT_RETURN_TYPE = YES;
				GCC_WARN_UNUSED_VARIABLE = YES;
				HEADER_SEARCH_PATHS = (
					"../../Extras/Serialize/BulletFileLoader",
					"../../src",
				);
				OBJROOT = "obj/x64/Release/BulletWorldImporter";
				ONLY_ACTIVE_ARCH = NO;
				OTHER_CFLAGS = (
					"-ffast-math",
				);
				STANDARD_C_PLUS_PLUS_LIBRARY_TYPE = static;
				SYMROOT = "../../bin";
			};
			name = "Release";
		};
		2B2655EE3A425D07154D10D1 /* Debug */ = {
			isa = XCBuildConfiguration;
			buildSettings = {
				INFOPLIST_FILE = "../../test/Bullet2/Info.plist";
				CODE_SIGN_IDENTITY = "iPhone Developer";
				SDKROOT = iphoneos;
				ARCHS = "armv7";
				TARGETED_DEVICE_FAMILY = "1,2";
				VALID_ARCHS = "armv7";
				SDKROOT = macosx;
				ARCHS = "x86_64";
				CONFIGURATION_BUILD_DIR = "$(SYMROOT)";
				CONFIGURATION_TEMP_DIR = "$(OBJROOT)";
				COPY_PHASE_STRIP = NO;
				GCC_C_LANGUAGE_STANDARD = gnu99;
				GCC_OPTIMIZATION_LEVEL = 0;
				GCC_PREPROCESSOR_DEFINITIONS = (
					"_DEBUG=1",
				);
				GCC_SYMBOLS_PRIVATE_EXTERN = NO;
				GCC_WARN_ABOUT_RETURN_TYPE = YES;
				GCC_WARN_UNUSED_VARIABLE = YES;
				HEADER_SEARCH_PATHS = (
					"../../Extras/Serialize/BulletFileLoader",
					"../../src",
				);
				OBJROOT = "obj/x64/Debug/BulletWorldImporter";
				ONLY_ACTIVE_ARCH = YES;
				OTHER_CFLAGS = (
					"-ffast-math",
				);
				STANDARD_C_PLUS_PLUS_LIBRARY_TYPE = static;
				SYMROOT = "../../bin";
			};
			name = "Debug";
		};
/* End XCBuildConfiguration section */

/* Begin XCConfigurationList section */
		62C6608141776CDC741C751F /* Build configuration list for PBXNativeTarget "libBulletWorldImporter_xcode4_x64_release.a" */ = {
			isa = XCConfigurationList;
			buildConfigurations = (
				4EB566935B4467193CB51490 /* Release */,
				58AA0D475E2B6672670C77C3 /* Debug */,
			);
			defaultConfigurationIsVisible = 0;
			defaultConfigurationName = "Release";
		};
		1DEB928908733DD80010E9CD /* Build configuration list for PBXProject "BulletWorldImporter" */ = {
			isa = XCConfigurationList;
			buildConfigurations = (
				1A3E1B1741161F810F6E088C /* Release */,
				2B2655EE3A425D07154D10D1 /* Debug */,
			);
			defaultConfigurationIsVisible = 0;
			defaultConfigurationName = "Release";
		};
/* End XCConfigurationList section */

	};
	rootObject = 08FB7793FE84155DC02AAC07 /* Project object */;
}
